
Microsoft Visual Studio Solution File, Format Version 12.00
# Visual Studio Version 17
VisualStudioVersion = 17.7.34031.279
MinimumVisualStudioVersion = 10.0.40219.1
Project("{FAE04EC0-301F-11D3-BF4B-00C04F79EFBC}") = "Is number prime", "Is number prime\Is number prime.csproj", "{BC5D1668-C27D-42CE-9824-9B41103D9F8A}"
EndProject
Project("{2150E333-8FDC-42A3-9474-1A3956D46DE8}") = "Solution Items", "Solution Items", "{42FD91F1-7A02-407F-AF60-335AB4A80228}"
	ProjectSection(SolutionItems) = preProject
		Instructions.txt = Instructions.txt
	EndProjectSection
EndProject
Global
	GlobalSection(SolutionConfigurationPlatforms) = preSolution
		Debug|Any CPU = Debug|Any CPU
		Release|Any CPU = Release|Any CPU
	EndGlobalSection
	GlobalSection(ProjectConfigurationPlatforms) = postSolution
		{BC5D1668-C27D-42CE-9824-9B41103D9F8A}.Debug|Any CPU.ActiveCfg = Debug|Any CPU
		{BC5D1668-C27D-42CE-9824-9B41103D9F8A}.Debug|Any CPU.Build.0 = Debug|Any CPU
		{BC5D1668-C27D-42CE-9824-9B41103D9F8A}.Release|Any CPU.ActiveCfg = Release|Any CPU
		{BC5D1668-C27D-42CE-9824-9B41103D9F8A}.Release|Any CPU.Build.0 = Release|Any CPU
	EndGlobalSection
	GlobalSection(SolutionProperties) = preSolution
		HideSolutionNode = FALSE
	EndGlobalSection
	GlobalSection(ExtensibilityGlobals) = postSolution
		SolutionGuid = {481010E4-D551-45B4-A399-A73C030C3DE9}
	EndGlobalSection
EndGlobal
